// !$*UTF8*$!
{
	archiveVersion = 1;
	classes = {
	};
	objectVersion = 55;
	objects = {

/* Begin PBXBuildFile section */
		1D03BEF827D9A01A002BBFDB /* MealsCell.swift in Sources */ = {isa = PBXBuildFile; fileRef = 1D03BEF727D9A01A002BBFDB /* MealsCell.swift */; };
		1D03BEFA27D9A0ED002BBFDB /* Meal.swift in Sources */ = {isa = PBXBuildFile; fileRef = 1D03BEF927D9A0ED002BBFDB /* Meal.swift */; };
		1D43856827D845DC00FA29EB /* AppDelegate.swift in Sources */ = {isa = PBXBuildFile; fileRef = 1D43856727D845DC00FA29EB /* AppDelegate.swift */; };
		1D43856A27D845DC00FA29EB /* SceneDelegate.swift in Sources */ = {isa = PBXBuildFile; fileRef = 1D43856927D845DC00FA29EB /* SceneDelegate.swift */; };
		1D43856C27D845DC00FA29EB /* ViewController.swift in Sources */ = {isa = PBXBuildFile; fileRef = 1D43856B27D845DC00FA29EB /* ViewController.swift */; };
		1D43856F27D845DC00FA29EB /* Main.storyboard in Resources */ = {isa = PBXBuildFile; fileRef = 1D43856D27D845DC00FA29EB /* Main.storyboard */; };
		1D43857127D845DE00FA29EB /* Assets.xcassets in Resources */ = {isa = PBXBuildFile; fileRef = 1D43857027D845DE00FA29EB /* Assets.xcassets */; };
		1D43857427D845DE00FA29EB /* LaunchScreen.storyboard in Resources */ = {isa = PBXBuildFile; fileRef = 1D43857227D845DE00FA29EB /* LaunchScreen.storyboard */; };
		1D43857F27D8531F00FA29EB /* LeftSideCell.swift in Sources */ = {isa = PBXBuildFile; fileRef = 1D43857E27D8531F00FA29EB /* LeftSideCell.swift */; };
		1D43858327D8568B00FA29EB /* Category.swift in Sources */ = {isa = PBXBuildFile; fileRef = 1D43858227D8568B00FA29EB /* Category.swift */; };
		1D4C060227DAE172008B3AB5 /* DetailViewController.swift in Sources */ = {isa = PBXBuildFile; fileRef = 1D4C060127DAE172008B3AB5 /* DetailViewController.swift */; };
		1D4C060627DAE2D0008B3AB5 /* IngredientCell.swift in Sources */ = {isa = PBXBuildFile; fileRef = 1D4C060527DAE2D0008B3AB5 /* IngredientCell.swift */; };
		1DC16A2827D85F3800034D5B /* NetworkManager.swift in Sources */ = {isa = PBXBuildFile; fileRef = 1DC16A2727D85F3800034D5B /* NetworkManager.swift */; };
		1DC16A2A27D9982300034D5B /* MealsViewController.swift in Sources */ = {isa = PBXBuildFile; fileRef = 1DC16A2927D9982300034D5B /* MealsViewController.swift */; };
		1DD6577B27DAD43D00365146 /* Recipe.swift in Sources */ = {isa = PBXBuildFile; fileRef = 1DD6577A27DAD43D00365146 /* Recipe.swift */; };
/* End PBXBuildFile section */

/* Begin PBXFileReference section */
		1D03BEF727D9A01A002BBFDB /* MealsCell.swift */ = {isa = PBXFileReference; lastKnownFileType = sourcecode.swift; path = MealsCell.swift; sourceTree = "<group>"; };
		1D03BEF927D9A0ED002BBFDB /* Meal.swift */ = {isa = PBXFileReference; lastKnownFileType = sourcecode.swift; path = Meal.swift; sourceTree = "<group>"; };
		1D43856427D845DC00FA29EB /* FetchRewardsRecipeBrowser.app */ = {isa = PBXFileReference; explicitFileType = wrapper.application; includeInIndex = 0; path = FetchRewardsRecipeBrowser.app; sourceTree = BUILT_PRODUCTS_DIR; };
		1D43856727D845DC00FA29EB /* AppDelegate.swift */ = {isa = PBXFileReference; lastKnownFileType = sourcecode.swift; path = AppDelegate.swift; sourceTree = "<group>"; };
		1D43856927D845DC00FA29EB /* SceneDelegate.swift */ = {isa = PBXFileReference; lastKnownFileType = sourcecode.swift; path = SceneDelegate.swift; sourceTree = "<group>"; };
		1D43856B27D845DC00FA29EB /* ViewController.swift */ = {isa = PBXFileReference; lastKnownFileType = sourcecode.swift; path = ViewController.swift; sourceTree = "<group>"; };
		1D43856E27D845DC00FA29EB /* Base */ = {isa = PBXFileReference; lastKnownFileType = file.storyboard; name = Base; path = Base.lproj/Main.storyboard; sourceTree = "<group>"; };
		1D43857027D845DE00FA29EB /* Assets.xcassets */ = {isa = PBXFileReference; lastKnownFileType = folder.assetcatalog; path = Assets.xcassets; sourceTree = "<group>"; };
		1D43857327D845DE00FA29EB /* Base */ = {isa = PBXFileReference; lastKnownFileType = file.storyboard; name = Base; path = Base.lproj/LaunchScreen.storyboard; sourceTree = "<group>"; };
		1D43857527D845DE00FA29EB /* Info.plist */ = {isa = PBXFileReference; lastKnownFileType = text.plist.xml; path = Info.plist; sourceTree = "<group>"; };
		1D43857E27D8531F00FA29EB /* LeftSideCell.swift */ = {isa = PBXFileReference; lastKnownFileType = sourcecode.swift; path = LeftSideCell.swift; sourceTree = "<group>"; };
		1D43858227D8568B00FA29EB /* Category.swift */ = {isa = PBXFileReference; lastKnownFileType = sourcecode.swift; path = Category.swift; sourceTree = "<group>"; };
		1D4C060127DAE172008B3AB5 /* DetailViewController.swift */ = {isa = PBXFileReference; lastKnownFileType = sourcecode.swift; path = DetailViewController.swift; sourceTree = "<group>"; };
		1D4C060527DAE2D0008B3AB5 /* IngredientCell.swift */ = {isa = PBXFileReference; lastKnownFileType = sourcecode.swift; path = IngredientCell.swift; sourceTree = "<group>"; };
		1DC16A2727D85F3800034D5B /* NetworkManager.swift */ = {isa = PBXFileReference; lastKnownFileType = sourcecode.swift; path = NetworkManager.swift; sourceTree = "<group>"; };
		1DC16A2927D9982300034D5B /* MealsViewController.swift */ = {isa = PBXFileReference; lastKnownFileType = sourcecode.swift; path = MealsViewController.swift; sourceTree = "<group>"; };
		1DD6577A27DAD43D00365146 /* Recipe.swift */ = {isa = PBXFileReference; lastKnownFileType = sourcecode.swift; path = Recipe.swift; sourceTree = "<group>"; };
/* End PBXFileReference section */

/* Begin PBXFrameworksBuildPhase section */
		1D43856127D845DC00FA29EB /* Frameworks */ = {
			isa = PBXFrameworksBuildPhase;
			buildActionMask = 2147483647;
			files = (
			);
			runOnlyForDeploymentPostprocessing = 0;
		};
/* End PBXFrameworksBuildPhase section */

/* Begin PBXGroup section */
		1D43855B27D845DC00FA29EB = {
			isa = PBXGroup;
			children = (
				1D43856627D845DC00FA29EB /* FetchRewardsRecipeBrowser */,
				1D43856527D845DC00FA29EB /* Products */,
			);
			sourceTree = "<group>";
		};
		1D43856527D845DC00FA29EB /* Products */ = {
			isa = PBXGroup;
			children = (
				1D43856427D845DC00FA29EB /* FetchRewardsRecipeBrowser.app */,
			);
			name = Products;
			sourceTree = "<group>";
		};
		1D43856627D845DC00FA29EB /* FetchRewardsRecipeBrowser */ = {
			isa = PBXGroup;
			children = (
				1D43856727D845DC00FA29EB /* AppDelegate.swift */,
				1D43856927D845DC00FA29EB /* SceneDelegate.swift */,
				1D43857D27D84A1500FA29EB /* Model */,
				1D43857C27D84A0D00FA29EB /* View */,
				1D43857B27D84A0300FA29EB /* Controller */,
				1D43856D27D845DC00FA29EB /* Main.storyboard */,
				1D43857027D845DE00FA29EB /* Assets.xcassets */,
				1D43857227D845DE00FA29EB /* LaunchScreen.storyboard */,
				1D43857527D845DE00FA29EB /* Info.plist */,
			);
			path = FetchRewardsRecipeBrowser;
			sourceTree = "<group>";
		};
		1D43857B27D84A0300FA29EB /* Controller */ = {
			isa = PBXGroup;
			children = (
				1D43856B27D845DC00FA29EB /* ViewController.swift */,
				1DC16A2927D9982300034D5B /* MealsViewController.swift */,
				1D4C060127DAE172008B3AB5 /* DetailViewController.swift */,
			);
			path = Controller;
			sourceTree = "<group>";
		};
		1D43857C27D84A0D00FA29EB /* View */ = {
			isa = PBXGroup;
			children = (
				1D43857E27D8531F00FA29EB /* LeftSideCell.swift */,
				1D03BEF727D9A01A002BBFDB /* MealsCell.swift */,
				1D4C060527DAE2D0008B3AB5 /* IngredientCell.swift */,
			);
			path = View;
			sourceTree = "<group>";
		};
		1D43857D27D84A1500FA29EB /* Model */ = {
			isa = PBXGroup;
			children = (
				1D43858227D8568B00FA29EB /* Category.swift */,
				1DC16A2727D85F3800034D5B /* NetworkManager.swift */,
				1D03BEF927D9A0ED002BBFDB /* Meal.swift */,
				1DD6577A27DAD43D00365146 /* Recipe.swift */,
			);
			path = Model;
			sourceTree = "<group>";
		};
/* End PBXGroup section */

/* Begin PBXNativeTarget section */
		1D43856327D845DC00FA29EB /* FetchRewardsRecipeBrowser */ = {
			isa = PBXNativeTarget;
			buildConfigurationList = 1D43857827D845DE00FA29EB /* Build configuration list for PBXNativeTarget "FetchRewardsRecipeBrowser" */;
			buildPhases = (
				1D43856027D845DC00FA29EB /* Sources */,
				1D43856127D845DC00FA29EB /* Frameworks */,
				1D43856227D845DC00FA29EB /* Resources */,
			);
			buildRules = (
			);
			dependencies = (
			);
			name = FetchRewardsRecipeBrowser;
			productName = FetchRewardsRecipeBrowser;
			productReference = 1D43856427D845DC00FA29EB /* FetchRewardsRecipeBrowser.app */;
			productType = "com.apple.product-type.application";
		};
/* End PBXNativeTarget section */

/* Begin PBXProject section */
		1D43855C27D845DC00FA29EB /* Project object */ = {
			isa = PBXProject;
			attributes = {
				BuildIndependentTargetsInParallel = 1;
				LastSwiftUpdateCheck = 1320;
				LastUpgradeCheck = 1320;
				TargetAttributes = {
					1D43856327D845DC00FA29EB = {
						CreatedOnToolsVersion = 13.2.1;
					};
				};
			};
			buildConfigurationList = 1D43855F27D845DC00FA29EB /* Build configuration list for PBXProject "FetchRewardsRecipeBrowser" */;
			compatibilityVersion = "Xcode 13.0";
			developmentRegion = en;
			hasScannedForEncodings = 0;
			knownRegions = (
				en,
				Base,
			);
			mainGroup = 1D43855B27D845DC00FA29EB;
			productRefGroup = 1D43856527D845DC00FA29EB /* Products */;
			projectDirPath = "";
			projectRoot = "";
			targets = (
				1D43856327D845DC00FA29EB /* FetchRewardsRecipeBrowser */,
			);
		};
/* End PBXProject section */

/* Begin PBXResourcesBuildPhase section */
		1D43856227D845DC00FA29EB /* Resources */ = {
			isa = PBXResourcesBuildPhase;
			buildActionMask = 2147483647;
			files = (
				1D43857427D845DE00FA29EB /* LaunchScreen.storyboard in Resources */,
				1D43857127D845DE00FA29EB /* Assets.xcassets in Resources */,
				1D43856F27D845DC00FA29EB /* Main.storyboard in Resources */,
			);
			runOnlyForDeploymentPostprocessing = 0;
		};
/* End PBXResourcesBuildPhase section */

/* Begin PBXSourcesBuildPhase section */
		1D43856027D845DC00FA29EB /* Sources */ = {
			isa = PBXSourcesBuildPhase;
			buildActionMask = 2147483647;
			files = (
				1D4C060227DAE172008B3AB5 /* DetailViewController.swift in Sources */,
				1D43856C27D845DC00FA29EB /* ViewController.swift in Sources */,
				1D43857F27D8531F00FA29EB /* LeftSideCell.swift in Sources */,
				1DC16A2827D85F3800034D5B /* NetworkManager.swift in Sources */,
				1D43856827D845DC00FA29EB /* AppDelegate.swift in Sources */,
				1D03BEFA27D9A0ED002BBFDB /* Meal.swift in Sources */,
				1D03BEF827D9A01A002BBFDB /* MealsCell.swift in Sources */,
				1DD6577B27DAD43D00365146 /* Recipe.swift in Sources */,
				1D4C060627DAE2D0008B3AB5 /* IngredientCell.swift in Sources */,
				1DC16A2A27D9982300034D5B /* MealsViewController.swift in Sources */,
				1D43856A27D845DC00FA29EB /* SceneDelegate.swift in Sources */,
				1D43858327D8568B00FA29EB /* Category.swift in Sources */,
			);
			runOnlyForDeploymentPostprocessing = 0;
		};
/* End PBXSourcesBuildPhase section */

/* Begin PBXVariantGroup section */
		1D43856D27D845DC00FA29EB /* Main.storyboard */ = {
			isa = PBXVariantGroup;
			children = (
				1D43856E27D845DC00FA29EB /* Base */,
			);
			name = Main.storyboard;
			sourceTree = "<group>";
		};
		1D43857227D845DE00FA29EB /* LaunchScreen.storyboard */ = {
			isa = PBXVariantGroup;
			children = (
				1D43857327D845DE00FA29EB /* Base */,
			);
			name = LaunchScreen.storyboard;
			sourceTree = "<group>";
		};
/* End PBXVariantGroup section */

/* Begin XCBuildConfiguration section */
		1D43857627D845DE00FA29EB /* Debug */ = {
			isa = XCBuildConfiguration;
			buildSettings = {
				ALWAYS_SEARCH_USER_PATHS = NO;
				CLANG_ANALYZER_NONNULL = YES;
				CLANG_ANALYZER_NUMBER_OBJECT_CONVERSION = YES_AGGRESSIVE;
				CLANG_CXX_LANGUAGE_STANDARD = "gnu++17";
				CLANG_CXX_LIBRARY = "libc++";
				CLANG_ENABLE_MODULES = YES;
				CLANG_ENABLE_OBJC_ARC = YES;
				CLANG_ENABLE_OBJC_WEAK = YES;
				CLANG_WARN_BLOCK_CAPTURE_AUTORELEASING = YES;
				CLANG_WARN_BOOL_CONVERSION = YES;
				CLANG_WARN_COMMA = YES;
				CLANG_WARN_CONSTANT_CONVERSION = YES;
				CLANG_WARN_DEPRECATED_OBJC_IMPLEMENTATIONS = YES;
				CLANG_WARN_DIRECT_OBJC_ISA_USAGE = YES_ERROR;
				CLANG_WARN_DOCUMENTATION_COMMENTS = YES;
				CLANG_WARN_EMPTY_BODY = YES;
				CLANG_WARN_ENUM_CONVERSION = YES;
				CLANG_WARN_INFINITE_RECURSION = YES;
				CLANG_WARN_INT_CONVERSION = YES;
				CLANG_WARN_NON_LITERAL_NULL_CONVERSION = YES;
				CLANG_WARN_OBJC_IMPLICIT_RETAIN_SELF = YES;
				CLANG_WARN_OBJC_LITERAL_CONVERSION = YES;
				CLANG_WARN_OBJC_ROOT_CLASS = YES_ERROR;
				CLANG_WARN_QUOTED_INCLUDE_IN_FRAMEWORK_HEADER = YES;
				CLANG_WARN_RANGE_LOOP_ANALYSIS = YES;
				CLANG_WARN_STRICT_PROTOTYPES = YES;
				CLANG_WARN_SUSPICIOUS_MOVE = YES;
				CLANG_WARN_UNGUARDED_AVAILABILITY = YES_AGGRESSIVE;
				CLANG_WARN_UNREACHABLE_CODE = YES;
				CLANG_WARN__DUPLICATE_METHOD_MATCH = YES;
				COPY_PHASE_STRIP = NO;
				DEBUG_INFORMATION_FORMAT = dwarf;
				ENABLE_STRICT_OBJC_MSGSEND = YES;
				ENABLE_TESTABILITY = YES;
				GCC_C_LANGUAGE_STANDARD = gnu11;
				GCC_DYNAMIC_NO_PIC = NO;
				GCC_NO_COMMON_BLOCKS = YES;
				GCC_OPTIMIZATION_LEVEL = 0;
				GCC_PREPROCESSOR_DEFINITIONS = (
					"DEBUG=1",
					"$(inherited)",
				);
				GCC_WARN_64_TO_32_BIT_CONVERSION = YES;
				GCC_WARN_ABOUT_RETURN_TYPE = YES_ERROR;
				GCC_WARN_UNDECLARED_SELECTOR = YES;
				GCC_WARN_UNINITIALIZED_AUTOS = YES_AGGRESSIVE;
				GCC_WARN_UNUSED_FUNCTION = YES;
				GCC_WARN_UNUSED_VARIABLE = YES;
				IPHONEOS_DEPLOYMENT_TARGET = 15.2;
				MTL_ENABLE_DEBUG_INFO = INCLUDE_SOURCE;
				MTL_FAST_MATH = YES;
				ONLY_ACTIVE_ARCH = YES;
				SDKROOT = iphoneos;
				SWIFT_ACTIVE_COMPILATION_CONDITIONS = DEBUG;
				SWIFT_OPTIMIZATION_LEVEL = "-Onone";
			};
			name = Debug;
		};
		1D43857727D845DE00FA29EB /* Release */ = {
			isa = XCBuildConfiguration;
			buildSettings = {
				ALWAYS_SEARCH_USER_PATHS = NO;
				CLANG_ANALYZER_NONNULL = YES;
				CLANG_ANALYZER_NUMBER_OBJECT_CONVERSION = YES_AGGRESSIVE;
				CLANG_CXX_LANGUAGE_STANDARD = "gnu++17";
				CLANG_CXX_LIBRARY = "libc++";
				CLANG_ENABLE_MODULES = YES;
				CLANG_ENABLE_OBJC_ARC = YES;
				CLANG_ENABLE_OBJC_WEAK = YES;
				CLANG_WARN_BLOCK_CAPTURE_AUTORELEASING = YES;
				CLANG_WARN_BOOL_CONVERSION = YES;
				CLANG_WARN_COMMA = YES;
				CLANG_WARN_CONSTANT_CONVERSION = YES;
				CLANG_WARN_DEPRECATED_OBJC_IMPLEMENTATIONS = YES;
				CLANG_WARN_DIRECT_OBJC_ISA_USAGE = YES_ERROR;
				CLANG_WARN_DOCUMENTATION_COMMENTS = YES;
				CLANG_WARN_EMPTY_BODY = YES;
				CLANG_WARN_ENUM_CONVERSION = YES;
				CLANG_WARN_INFINITE_RECURSION = YES;
				CLANG_WARN_INT_CONVERSION = YES;
				CLANG_WARN_NON_LITERAL_NULL_CONVERSION = YES;
				CLANG_WARN_OBJC_IMPLICIT_RETAIN_SELF = YES;
				CLANG_WARN_OBJC_LITERAL_CONVERSION = YES;
				CLANG_WARN_OBJC_ROOT_CLASS = YES_ERROR;
				CLANG_WARN_QUOTED_INCLUDE_IN_FRAMEWORK_HEADER = YES;
				CLANG_WARN_RANGE_LOOP_ANALYSIS = YES;
				CLANG_WARN_STRICT_PROTOTYPES = YES;
				CLANG_WARN_SUSPICIOUS_MOVE = YES;
				CLANG_WARN_UNGUARDED_AVAILABILITY = YES_AGGRESSIVE;
				CLANG_WARN_UNREACHABLE_CODE = YES;
				CLANG_WARN__DUPLICATE_METHOD_MATCH = YES;
				COPY_PHASE_STRIP = NO;
				DEBUG_INFORMATION_FORMAT = "dwarf-with-dsym";
				ENABLE_NS_ASSERTIONS = NO;
				ENABLE_STRICT_OBJC_MSGSEND = YES;
				GCC_C_LANGUAGE_STANDARD = gnu11;
				GCC_NO_COMMON_BLOCKS = YES;
				GCC_WARN_64_TO_32_BIT_CONVERSION = YES;
				GCC_WARN_ABOUT_RETURN_TYPE = YES_ERROR;
				GCC_WARN_UNDECLARED_SELECTOR = YES;
				GCC_WARN_UNINITIALIZED_AUTOS = YES_AGGRESSIVE;
				GCC_WARN_UNUSED_FUNCTION = YES;
				GCC_WARN_UNUSED_VARIABLE = YES;
				IPHONEOS_DEPLOYMENT_TARGET = 15.2;
				MTL_ENABLE_DEBUG_INFO = NO;
				MTL_FAST_MATH = YES;
				SDKROOT = iphoneos;
				SWIFT_COMPILATION_MODE = wholemodule;
				SWIFT_OPTIMIZATION_LEVEL = "-O";
				VALIDATE_PRODUCT = YES;
			};
			name = Release;
		};
		1D43857927D845DE00FA29EB /* Debug */ = {
			isa = XCBuildConfiguration;
			buildSettings = {
				ASSETCATALOG_COMPILER_APPICON_NAME = AppIcon;
				ASSETCATALOG_COMPILER_GLOBAL_ACCENT_COLOR_NAME = AccentColor;
				CODE_SIGN_STYLE = Automatic;
				CURRENT_PROJECT_VERSION = 1;
				DEVELOPMENT_TEAM = 5525GJ5XAJ;
				GENERATE_INFOPLIST_FILE = YES;
				INFOPLIST_FILE = FetchRewardsRecipeBrowser/Info.plist;
				INFOPLIST_KEY_UIApplicationSupportsIndirectInputEvents = YES;
				INFOPLIST_KEY_UILaunchStoryboardName = LaunchScreen;
				INFOPLIST_KEY_UIMainStoryboardFile = Main;
				INFOPLIST_KEY_UISupportedInterfaceOrientations = UIInterfaceOrientationPortrait;
				INFOPLIST_KEY_UISupportedInterfaceOrientations_iPad = "UIInterfaceOrientationPortrait UIInterfaceOrientationPortraitUpsideDown UIInterfaceOrientationLandscapeLeft UIInterfaceOrientationLandscapeRight";
				INFOPLIST_KEY_UISupportedInterfaceOrientations_iPhone = "UIInterfaceOrientationPortrait UIInterfaceOrientationLandscapeLeft UIInterfaceOrientationLandscapeRight";
				LD_RUNPATH_SEARCH_PATHS = (
					"$(inherited)",
					"@executable_path/Frameworks",
				);
				MARKETING_VERSION = 1.0;
				PRODUCT_BUNDLE_IDENTIFIER = com.RickMartinez.FetchRewardsRecipeBrowser;
				PRODUCT_NAME = "$(TARGET_NAME)";
				SWIFT_EMIT_LOC_STRINGS = YES;
				SWIFT_VERSION = 5.0;
				TARGETED_DEVICE_FAMILY = 1;
			};
			name = Debug;
		};
		1D43857A27D845DE00FA29EB /* Release */ = {
			isa = XCBuildConfiguration;
			buildSettings = {
				ASSETCATALOG_COMPILER_APPICON_NAME = AppIcon;
				ASSETCATALOG_COMPILER_GLOBAL_ACCENT_COLOR_NAME = AccentColor;
				CODE_SIGN_STYLE = Automatic;
				CURRENT_PROJECT_VERSION = 1;
				DEVELOPMENT_TEAM = 5525GJ5XAJ;
				GENERATE_INFOPLIST_FILE = YES;
				INFOPLIST_FILE = FetchRewardsRecipeBrowser/Info.plist;
				INFOPLIST_KEY_UIApplicationSupportsIndirectInputEvents = YES;
				INFOPLIST_KEY_UILaunchStoryboardName = LaunchScreen;
				INFOPLIST_KEY_UIMainStoryboardFile = Main;
				INFOPLIST_KEY_UISupportedInterfaceOrientations = UIInterfaceOrientationPortrait;
				INFOPLIST_KEY_UISupportedInterfaceOrientations_iPad = "UIInterfaceOrientationPortrait UIInterfaceOrientationPortraitUpsideDown UIInterfaceOrientationLandscapeLeft UIInterfaceOrientationLandscapeRight";
				INFOPLIST_KEY_UISupportedInterfaceOrientations_iPhone = "UIInterfaceOrientationPortrait UIInterfaceOrientationLandscapeLeft UIInterfaceOrientationLandscapeRight";
				LD_RUNPATH_SEARCH_PATHS = (
					"$(inherited)",
					"@executable_path/Frameworks",
				);
				MARKETING_VERSION = 1.0;
				PRODUCT_BUNDLE_IDENTIFIER = com.RickMartinez.FetchRewardsRecipeBrowser;
				PRODUCT_NAME = "$(TARGET_NAME)";
				SWIFT_EMIT_LOC_STRINGS = YES;
				SWIFT_VERSION = 5.0;
				TARGETED_DEVICE_FAMILY = 1;
			};
			name = Release;
		};
/* End XCBuildConfiguration section */

/* Begin XCConfigurationList section */
		1D43855F27D845DC00FA29EB /* Build configuration list for PBXProject "FetchRewardsRecipeBrowser" */ = {
			isa = XCConfigurationList;
			buildConfigurations = (
				1D43857627D845DE00FA29EB /* Debug */,
				1D43857727D845DE00FA29EB /* Release */,
			);
			defaultConfigurationIsVisible = 0;
			defaultConfigurationName = Release;
		};
		1D43857827D845DE00FA29EB /* Build configuration list for PBXNativeTarget "FetchRewardsRecipeBrowser" */ = {
			isa = XCConfigurationList;
			buildConfigurations = (
				1D43857927D845DE00FA29EB /* Debug */,
				1D43857A27D845DE00FA29EB /* Release */,
			);
			defaultConfigurationIsVisible = 0;
			defaultConfigurationName = Release;
		};
/* End XCConfigurationList section */
	};
	rootObject = 1D43855C27D845DC00FA29EB /* Project object */;
}
